<Solution>
  <Folder Name="/src/">
    <Project Path="src/FSharp.Astro.Units/Units.fsproj" />
    <Project Path="src/FSharp.Astro.Fits/Fits.fsproj" />
    <Project Path="src/FSharp.Astro.Fits.TypeProvider/Fits.TypeProvider.fsproj" />
    <Project Path="src/FSharp.Astro.Fits.TypeProvider.DesignTime/Fits.TypeProvider.DesignTime.fsproj" />
    <Project Path="src/FSharp.Astro.Fits.UI/Fits.UI.fsproj" />
  </Folder>
  <Folder Name="/test/">
    <Project Path="test/FSharp.Astro.Units.Test/Units.Test.fsproj" />
    <Project Path="test/FSharp.Astro.Fits.Test/Fits.Test.fsproj" />
  </Folder>
</Solution>
